// !$*UTF8*$!
{
	archiveVersion = 1;
	classes = {
	};
	objectVersion = 48;
	objects = {

/* Begin PBXBuildFile section */
		058B909720962B510088F87A /* Interface.storyboard in Resources */ = {isa = PBXBuildFile; fileRef = 058B909520962B510088F87A /* Interface.storyboard */; };
		058B909920962B580088F87A /* Assets.xcassets in Resources */ = {isa = PBXBuildFile; fileRef = 058B909820962B580088F87A /* Assets.xcassets */; };
		058B90A020962B590088F87A /* LazerTask-WatchOS Extension.appex in Embed App Extensions */ = {isa = PBXBuildFile; fileRef = 058B909F20962B590088F87A /* LazerTask-WatchOS Extension.appex */; settings = {ATTRIBUTES = (RemoveHeadersOnCopy, ); }; };
		058B90A520962B590088F87A /* InterfaceController.swift in Sources */ = {isa = PBXBuildFile; fileRef = 058B90A420962B590088F87A /* InterfaceController.swift */; };
		058B90A720962B590088F87A /* ExtensionDelegate.swift in Sources */ = {isa = PBXBuildFile; fileRef = 058B90A620962B590088F87A /* ExtensionDelegate.swift */; };
		058B90A920962B590088F87A /* NotificationController.swift in Sources */ = {isa = PBXBuildFile; fileRef = 058B90A820962B590088F87A /* NotificationController.swift */; };
		058B90AB20962B590088F87A /* ComplicationController.swift in Sources */ = {isa = PBXBuildFile; fileRef = 058B90AA20962B590088F87A /* ComplicationController.swift */; };
		058B90AD20962B5A0088F87A /* Assets.xcassets in Resources */ = {isa = PBXBuildFile; fileRef = 058B90AC20962B5A0088F87A /* Assets.xcassets */; };
		058B90B220962B5A0088F87A /* LazerTask-WatchOS.app in Embed Watch Content */ = {isa = PBXBuildFile; fileRef = 058B909320962B500088F87A /* LazerTask-WatchOS.app */; };
		11BEB082204B2DDB00E5A9B0 /* AppDelegate.swift in Sources */ = {isa = PBXBuildFile; fileRef = 11BEB081204B2DDB00E5A9B0 /* AppDelegate.swift */; };
		11BEB084204B2DDB00E5A9B0 /* ViewController.swift in Sources */ = {isa = PBXBuildFile; fileRef = 11BEB083204B2DDB00E5A9B0 /* ViewController.swift */; };
		11BEB087204B2DDB00E5A9B0 /* Main.storyboard in Resources */ = {isa = PBXBuildFile; fileRef = 11BEB085204B2DDB00E5A9B0 /* Main.storyboard */; };
		11BEB089204B2DDB00E5A9B0 /* Assets.xcassets in Resources */ = {isa = PBXBuildFile; fileRef = 11BEB088204B2DDB00E5A9B0 /* Assets.xcassets */; };
		11BEB08C204B2DDB00E5A9B0 /* LaunchScreen.storyboard in Resources */ = {isa = PBXBuildFile; fileRef = 11BEB08A204B2DDB00E5A9B0 /* LaunchScreen.storyboard */; };
/* End PBXBuildFile section */

/* Begin PBXContainerItemProxy section */
		058B90A120962B590088F87A /* PBXContainerItemProxy */ = {
			isa = PBXContainerItemProxy;
			containerPortal = 11BEB076204B2DDB00E5A9B0 /* Project object */;
			proxyType = 1;
			remoteGlobalIDString = 058B909E20962B590088F87A;
			remoteInfo = "LazerTask-WatchOS Extension";
		};
		058B90B020962B5A0088F87A /* PBXContainerItemProxy */ = {
			isa = PBXContainerItemProxy;
			containerPortal = 11BEB076204B2DDB00E5A9B0 /* Project object */;
			proxyType = 1;
			remoteGlobalIDString = 058B909220962B500088F87A;
			remoteInfo = "LazerTask-WatchOS";
		};
/* End PBXContainerItemProxy section */

/* Begin PBXCopyFilesBuildPhase section */
		058B90B620962B5A0088F87A /* Embed App Extensions */ = {
			isa = PBXCopyFilesBuildPhase;
			buildActionMask = 2147483647;
			dstPath = "";
			dstSubfolderSpec = 13;
			files = (
				058B90A020962B590088F87A /* LazerTask-WatchOS Extension.appex in Embed App Extensions */,
			);
			name = "Embed App Extensions";
			runOnlyForDeploymentPostprocessing = 0;
		};
		058B90BA20962B5A0088F87A /* Embed Watch Content */ = {
			isa = PBXCopyFilesBuildPhase;
			buildActionMask = 2147483647;
			dstPath = "$(CONTENTS_FOLDER_PATH)/Watch";
			dstSubfolderSpec = 16;
			files = (
				058B90B220962B5A0088F87A /* LazerTask-WatchOS.app in Embed Watch Content */,
			);
			name = "Embed Watch Content";
			runOnlyForDeploymentPostprocessing = 0;
		};
/* End PBXCopyFilesBuildPhase section */

/* Begin PBXFileReference section */
		058B909320962B500088F87A /* LazerTask-WatchOS.app */ = {isa = PBXFileReference; explicitFileType = wrapper.application; includeInIndex = 0; path = "LazerTask-WatchOS.app"; sourceTree = BUILT_PRODUCTS_DIR; };
		058B909620962B510088F87A /* Base */ = {isa = PBXFileReference; lastKnownFileType = file.storyboard; name = Base; path = Base.lproj/Interface.storyboard; sourceTree = "<group>"; };
		058B909820962B580088F87A /* Assets.xcassets */ = {isa = PBXFileReference; lastKnownFileType = folder.assetcatalog; path = Assets.xcassets; sourceTree = "<group>"; };
		058B909A20962B580088F87A /* Info.plist */ = {isa = PBXFileReference; lastKnownFileType = text.plist.xml; path = Info.plist; sourceTree = "<group>"; };
		058B909F20962B590088F87A /* LazerTask-WatchOS Extension.appex */ = {isa = PBXFileReference; explicitFileType = "wrapper.app-extension"; includeInIndex = 0; path = "LazerTask-WatchOS Extension.appex"; sourceTree = BUILT_PRODUCTS_DIR; };
		058B90A420962B590088F87A /* InterfaceController.swift */ = {isa = PBXFileReference; lastKnownFileType = sourcecode.swift; path = InterfaceController.swift; sourceTree = "<group>"; };
		058B90A620962B590088F87A /* ExtensionDelegate.swift */ = {isa = PBXFileReference; lastKnownFileType = sourcecode.swift; path = ExtensionDelegate.swift; sourceTree = "<group>"; };
		058B90A820962B590088F87A /* NotificationController.swift */ = {isa = PBXFileReference; lastKnownFileType = sourcecode.swift; path = NotificationController.swift; sourceTree = "<group>"; };
		058B90AA20962B590088F87A /* ComplicationController.swift */ = {isa = PBXFileReference; lastKnownFileType = sourcecode.swift; path = ComplicationController.swift; sourceTree = "<group>"; };
		058B90AC20962B5A0088F87A /* Assets.xcassets */ = {isa = PBXFileReference; lastKnownFileType = folder.assetcatalog; path = Assets.xcassets; sourceTree = "<group>"; };
		058B90AE20962B5A0088F87A /* Info.plist */ = {isa = PBXFileReference; lastKnownFileType = text.plist.xml; path = Info.plist; sourceTree = "<group>"; };
		058B90AF20962B5A0088F87A /* PushNotificationPayload.apns */ = {isa = PBXFileReference; lastKnownFileType = text; path = PushNotificationPayload.apns; sourceTree = "<group>"; };
		11BEB07E204B2DDB00E5A9B0 /* LazerTask.app */ = {isa = PBXFileReference; explicitFileType = wrapper.application; includeInIndex = 0; path = LazerTask.app; sourceTree = BUILT_PRODUCTS_DIR; };
		11BEB081204B2DDB00E5A9B0 /* AppDelegate.swift */ = {isa = PBXFileReference; lastKnownFileType = sourcecode.swift; path = AppDelegate.swift; sourceTree = "<group>"; };
		11BEB083204B2DDB00E5A9B0 /* ViewController.swift */ = {isa = PBXFileReference; lastKnownFileType = sourcecode.swift; path = ViewController.swift; sourceTree = "<group>"; };
		11BEB086204B2DDB00E5A9B0 /* Base */ = {isa = PBXFileReference; lastKnownFileType = file.storyboard; name = Base; path = Base.lproj/Main.storyboard; sourceTree = "<group>"; };
		11BEB088204B2DDB00E5A9B0 /* Assets.xcassets */ = {isa = PBXFileReference; lastKnownFileType = folder.assetcatalog; path = Assets.xcassets; sourceTree = "<group>"; };
		11BEB08B204B2DDB00E5A9B0 /* Base */ = {isa = PBXFileReference; lastKnownFileType = file.storyboard; name = Base; path = Base.lproj/LaunchScreen.storyboard; sourceTree = "<group>"; };
		11BEB08D204B2DDB00E5A9B0 /* Info.plist */ = {isa = PBXFileReference; lastKnownFileType = text.plist.xml; path = Info.plist; sourceTree = "<group>"; };
/* End PBXFileReference section */

/* Begin PBXFrameworksBuildPhase section */
		058B909C20962B590088F87A /* Frameworks */ = {
			isa = PBXFrameworksBuildPhase;
			buildActionMask = 2147483647;
			files = (
			);
			runOnlyForDeploymentPostprocessing = 0;
		};
		11BEB07B204B2DDB00E5A9B0 /* Frameworks */ = {
			isa = PBXFrameworksBuildPhase;
			buildActionMask = 2147483647;
			files = (
			);
			runOnlyForDeploymentPostprocessing = 0;
		};
/* End PBXFrameworksBuildPhase section */

/* Begin PBXGroup section */
		058B902E2095826F0088F87A /* Supporting Files */ = {
			isa = PBXGroup;
			children = (
				11BEB08A204B2DDB00E5A9B0 /* LaunchScreen.storyboard */,
				11BEB088204B2DDB00E5A9B0 /* Assets.xcassets */,
				11BEB081204B2DDB00E5A9B0 /* AppDelegate.swift */,
			);
			path = "Supporting Files";
			sourceTree = "<group>";
		};
		058B909420962B510088F87A /* LazerTask-WatchOS */ = {
			isa = PBXGroup;
			children = (
				058B909520962B510088F87A /* Interface.storyboard */,
				058B909820962B580088F87A /* Assets.xcassets */,
				058B909A20962B580088F87A /* Info.plist */,
			);
			path = "LazerTask-WatchOS";
			sourceTree = "<group>";
		};
		058B90A320962B590088F87A /* LazerTask-WatchOS Extension */ = {
			isa = PBXGroup;
			children = (
				058B90A420962B590088F87A /* InterfaceController.swift */,
				058B90A620962B590088F87A /* ExtensionDelegate.swift */,
				058B90A820962B590088F87A /* NotificationController.swift */,
				058B90AA20962B590088F87A /* ComplicationController.swift */,
				058B90AC20962B5A0088F87A /* Assets.xcassets */,
				058B90AE20962B5A0088F87A /* Info.plist */,
				058B90AF20962B5A0088F87A /* PushNotificationPayload.apns */,
			);
			path = "LazerTask-WatchOS Extension";
			sourceTree = "<group>";
		};
		11BEB075204B2DDB00E5A9B0 = {
			isa = PBXGroup;
			children = (
				11BEB080204B2DDB00E5A9B0 /* LazerTask */,
				058B909420962B510088F87A /* LazerTask-WatchOS */,
				058B90A320962B590088F87A /* LazerTask-WatchOS Extension */,
				11BEB07F204B2DDB00E5A9B0 /* Products */,
			);
			sourceTree = "<group>";
		};
		11BEB07F204B2DDB00E5A9B0 /* Products */ = {
			isa = PBXGroup;
			children = (
				11BEB07E204B2DDB00E5A9B0 /* LazerTask.app */,
				058B909320962B500088F87A /* LazerTask-WatchOS.app */,
				058B909F20962B590088F87A /* LazerTask-WatchOS Extension.appex */,
			);
			name = Products;
			sourceTree = "<group>";
		};
		11BEB080204B2DDB00E5A9B0 /* LazerTask */ = {
			isa = PBXGroup;
			children = (
				058B902E2095826F0088F87A /* Supporting Files */,
				11BEB083204B2DDB00E5A9B0 /* ViewController.swift */,
				11BEB085204B2DDB00E5A9B0 /* Main.storyboard */,
				11BEB08D204B2DDB00E5A9B0 /* Info.plist */,
			);
			path = LazerTask;
			sourceTree = "<group>";
		};
/* End PBXGroup section */

/* Begin PBXNativeTarget section */
		058B909220962B500088F87A /* LazerTask-WatchOS */ = {
			isa = PBXNativeTarget;
			buildConfigurationList = 058B90B720962B5A0088F87A /* Build configuration list for PBXNativeTarget "LazerTask-WatchOS" */;
			buildPhases = (
				058B909120962B500088F87A /* Resources */,
				058B90B620962B5A0088F87A /* Embed App Extensions */,
			);
			buildRules = (
			);
			dependencies = (
				058B90A220962B590088F87A /* PBXTargetDependency */,
			);
			name = "LazerTask-WatchOS";
			productName = "LazerTask-WatchOS";
			productReference = 058B909320962B500088F87A /* LazerTask-WatchOS.app */;
			productType = "com.apple.product-type.application.watchapp2";
		};
		058B909E20962B590088F87A /* LazerTask-WatchOS Extension */ = {
			isa = PBXNativeTarget;
			buildConfigurationList = 058B90B320962B5A0088F87A /* Build configuration list for PBXNativeTarget "LazerTask-WatchOS Extension" */;
			buildPhases = (
				058B909B20962B590088F87A /* Sources */,
				058B909C20962B590088F87A /* Frameworks */,
				058B909D20962B590088F87A /* Resources */,
			);
			buildRules = (
			);
			dependencies = (
			);
			name = "LazerTask-WatchOS Extension";
			productName = "LazerTask-WatchOS Extension";
			productReference = 058B909F20962B590088F87A /* LazerTask-WatchOS Extension.appex */;
			productType = "com.apple.product-type.watchkit2-extension";
		};
		11BEB07D204B2DDB00E5A9B0 /* LazerTask */ = {
			isa = PBXNativeTarget;
			buildConfigurationList = 11BEB090204B2DDB00E5A9B0 /* Build configuration list for PBXNativeTarget "LazerTask" */;
			buildPhases = (
				11BEB07A204B2DDB00E5A9B0 /* Sources */,
				11BEB07B204B2DDB00E5A9B0 /* Frameworks */,
				11BEB07C204B2DDB00E5A9B0 /* Resources */,
				058B90BA20962B5A0088F87A /* Embed Watch Content */,
			);
			buildRules = (
			);
			dependencies = (
				058B90B120962B5A0088F87A /* PBXTargetDependency */,
			);
			name = LazerTask;
			productName = LazerTask;
			productReference = 11BEB07E204B2DDB00E5A9B0 /* LazerTask.app */;
			productType = "com.apple.product-type.application";
		};
/* End PBXNativeTarget section */

/* Begin PBXProject section */
		11BEB076204B2DDB00E5A9B0 /* Project object */ = {
			isa = PBXProject;
			attributes = {
				LastSwiftUpdateCheck = 0930;
				LastUpgradeCheck = 0930;
				ORGANIZATIONNAME = "Apps R Us";
				TargetAttributes = {
					058B909220962B500088F87A = {
						CreatedOnToolsVersion = 9.3;
						ProvisioningStyle = Automatic;
					};
					058B909E20962B590088F87A = {
						CreatedOnToolsVersion = 9.3;
						ProvisioningStyle = Automatic;
					};
					11BEB07D204B2DDB00E5A9B0 = {
						CreatedOnToolsVersion = 9.2;
						ProvisioningStyle = Automatic;
					};
				};
			};
			buildConfigurationList = 11BEB079204B2DDB00E5A9B0 /* Build configuration list for PBXProject "LazerTask" */;
			compatibilityVersion = "Xcode 8.0";
			developmentRegion = en;
			hasScannedForEncodings = 0;
			knownRegions = (
				en,
				Base,
			);
			mainGroup = 11BEB075204B2DDB00E5A9B0;
			productRefGroup = 11BEB07F204B2DDB00E5A9B0 /* Products */;
			projectDirPath = "";
			projectRoot = "";
			targets = (
				11BEB07D204B2DDB00E5A9B0 /* LazerTask */,
				058B909220962B500088F87A /* LazerTask-WatchOS */,
				058B909E20962B590088F87A /* LazerTask-WatchOS Extension */,
			);
		};
/* End PBXProject section */

/* Begin PBXResourcesBuildPhase section */
		058B909120962B500088F87A /* Resources */ = {
			isa = PBXResourcesBuildPhase;
			buildActionMask = 2147483647;
			files = (
				058B909920962B580088F87A /* Assets.xcassets in Resources */,
				058B909720962B510088F87A /* Interface.storyboard in Resources */,
			);
			runOnlyForDeploymentPostprocessing = 0;
		};
		058B909D20962B590088F87A /* Resources */ = {
			isa = PBXResourcesBuildPhase;
			buildActionMask = 2147483647;
			files = (
				058B90AD20962B5A0088F87A /* Assets.xcassets in Resources */,
			);
			runOnlyForDeploymentPostprocessing = 0;
		};
		11BEB07C204B2DDB00E5A9B0 /* Resources */ = {
			isa = PBXResourcesBuildPhase;
			buildActionMask = 2147483647;
			files = (
				11BEB08C204B2DDB00E5A9B0 /* LaunchScreen.storyboard in Resources */,
				11BEB089204B2DDB00E5A9B0 /* Assets.xcassets in Resources */,
				11BEB087204B2DDB00E5A9B0 /* Main.storyboard in Resources */,
			);
			runOnlyForDeploymentPostprocessing = 0;
		};
/* End PBXResourcesBuildPhase section */

/* Begin PBXSourcesBuildPhase section */
		058B909B20962B590088F87A /* Sources */ = {
			isa = PBXSourcesBuildPhase;
			buildActionMask = 2147483647;
			files = (
				058B90A920962B590088F87A /* NotificationController.swift in Sources */,
				058B90AB20962B590088F87A /* ComplicationController.swift in Sources */,
				058B90A720962B590088F87A /* ExtensionDelegate.swift in Sources */,
				058B90A520962B590088F87A /* InterfaceController.swift in Sources */,
			);
			runOnlyForDeploymentPostprocessing = 0;
		};
		11BEB07A204B2DDB00E5A9B0 /* Sources */ = {
			isa = PBXSourcesBuildPhase;
			buildActionMask = 2147483647;
			files = (
				11BEB084204B2DDB00E5A9B0 /* ViewController.swift in Sources */,
				11BEB082204B2DDB00E5A9B0 /* AppDelegate.swift in Sources */,
			);
			runOnlyForDeploymentPostprocessing = 0;
		};
/* End PBXSourcesBuildPhase section */

/* Begin PBXTargetDependency section */
		058B90A220962B590088F87A /* PBXTargetDependency */ = {
			isa = PBXTargetDependency;
			target = 058B909E20962B590088F87A /* LazerTask-WatchOS Extension */;
			targetProxy = 058B90A120962B590088F87A /* PBXContainerItemProxy */;
		};
		058B90B120962B5A0088F87A /* PBXTargetDependency */ = {
			isa = PBXTargetDependency;
			target = 058B909220962B500088F87A /* LazerTask-WatchOS */;
			targetProxy = 058B90B020962B5A0088F87A /* PBXContainerItemProxy */;
		};
/* End PBXTargetDependency section */

/* Begin PBXVariantGroup section */
		058B909520962B510088F87A /* Interface.storyboard */ = {
			isa = PBXVariantGroup;
			children = (
				058B909620962B510088F87A /* Base */,
			);
			name = Interface.storyboard;
			sourceTree = "<group>";
		};
		11BEB085204B2DDB00E5A9B0 /* Main.storyboard */ = {
			isa = PBXVariantGroup;
			children = (
				11BEB086204B2DDB00E5A9B0 /* Base */,
			);
			name = Main.storyboard;
			sourceTree = "<group>";
		};
		11BEB08A204B2DDB00E5A9B0 /* LaunchScreen.storyboard */ = {
			isa = PBXVariantGroup;
			children = (
				11BEB08B204B2DDB00E5A9B0 /* Base */,
			);
			name = LaunchScreen.storyboard;
			sourceTree = "<group>";
		};
/* End PBXVariantGroup section */

/* Begin XCBuildConfiguration section */
		058B90B420962B5A0088F87A /* Debug */ = {
			isa = XCBuildConfiguration;
			buildSettings = {
				ASSETCATALOG_COMPILER_COMPLICATION_NAME = Complication;
				CLANG_ENABLE_OBJC_WEAK = YES;
				CODE_SIGN_IDENTITY = "iPhone Developer";
				CODE_SIGN_STYLE = Automatic;
				DEVELOPMENT_TEAM = MT547RDGWL;
				INFOPLIST_FILE = "LazerTask-WatchOS Extension/Info.plist";
				LD_RUNPATH_SEARCH_PATHS = "$(inherited) @executable_path/Frameworks @executable_path/../../Frameworks";
				PRODUCT_BUNDLE_IDENTIFIER = com.appsrus.LazerTask.watchkitapp.watchkitextension;
				PRODUCT_NAME = "${TARGET_NAME}";
				SDKROOT = watchos;
				SKIP_INSTALL = YES;
				SWIFT_VERSION = 4.0;
				TARGETED_DEVICE_FAMILY = 4;
				WATCHOS_DEPLOYMENT_TARGET = 4.3;
			};
			name = Debug;
		};
		058B90B520962B5A0088F87A /* Release */ = {
			isa = XCBuildConfiguration;
			buildSettings = {
				ASSETCATALOG_COMPILER_COMPLICATION_NAME = Complication;
				CLANG_ENABLE_OBJC_WEAK = YES;
				CODE_SIGN_IDENTITY = "iPhone Developer";
				CODE_SIGN_STYLE = Automatic;
				DEVELOPMENT_TEAM = MT547RDGWL;
				INFOPLIST_FILE = "LazerTask-WatchOS Extension/Info.plist";
				LD_RUNPATH_SEARCH_PATHS = "$(inherited) @executable_path/Frameworks @executable_path/../../Frameworks";
				PRODUCT_BUNDLE_IDENTIFIER = com.appsrus.LazerTask.watchkitapp.watchkitextension;
				PRODUCT_NAME = "${TARGET_NAME}";
				SDKROOT = watchos;
				SKIP_INSTALL = YES;
				SWIFT_VERSION = 4.0;
				TARGETED_DEVICE_FAMILY = 4;
				WATCHOS_DEPLOYMENT_TARGET = 4.3;
			};
			name = Release;
		};
		058B90B820962B5A0088F87A /* Debug */ = {
			isa = XCBuildConfiguration;
			buildSettings = {
				ALWAYS_EMBED_SWIFT_STANDARD_LIBRARIES = YES;
				ASSETCATALOG_COMPILER_APPICON_NAME = AppIcon;
				CLANG_ENABLE_OBJC_WEAK = YES;
				CODE_SIGN_IDENTITY = "iPhone Developer";
				"CODE_SIGN_IDENTITY[sdk=iphoneos*]" = "iPhone Developer";
				CODE_SIGN_STYLE = Automatic;
				DEVELOPMENT_TEAM = MT547RDGWL;
				IBSC_MODULE = LazerTask_WatchOS_Extension;
				INFOPLIST_FILE = "LazerTask-WatchOS/Info.plist";
				PRODUCT_BUNDLE_IDENTIFIER = com.appsrus.LazerTask.watchkitapp;
				PRODUCT_NAME = "$(TARGET_NAME)";
				SDKROOT = watchos;
				SKIP_INSTALL = YES;
				SWIFT_VERSION = 4.0;
				TARGETED_DEVICE_FAMILY = 4;
				WATCHOS_DEPLOYMENT_TARGET = 4.3;
			};
			name = Debug;
		};
		058B90B920962B5A0088F87A /* Release */ = {
			isa = XCBuildConfiguration;
			buildSettings = {
				ALWAYS_EMBED_SWIFT_STANDARD_LIBRARIES = YES;
				ASSETCATALOG_COMPILER_APPICON_NAME = AppIcon;
				CLANG_ENABLE_OBJC_WEAK = YES;
				CODE_SIGN_IDENTITY = "iPhone Developer";
				"CODE_SIGN_IDENTITY[sdk=iphoneos*]" = "iPhone Developer";
				CODE_SIGN_STYLE = Automatic;
				DEVELOPMENT_TEAM = MT547RDGWL;
				IBSC_MODULE = LazerTask_WatchOS_Extension;
				INFOPLIST_FILE = "LazerTask-WatchOS/Info.plist";
				PRODUCT_BUNDLE_IDENTIFIER = com.appsrus.LazerTask.watchkitapp;
				PRODUCT_NAME = "$(TARGET_NAME)";
				SDKROOT = watchos;
				SKIP_INSTALL = YES;
				SWIFT_VERSION = 4.0;
				TARGETED_DEVICE_FAMILY = 4;
				WATCHOS_DEPLOYMENT_TARGET = 4.3;
			};
			name = Release;
		};
		11BEB08E204B2DDB00E5A9B0 /* Debug */ = {
			isa = XCBuildConfiguration;
			buildSettings = {
				ALWAYS_SEARCH_USER_PATHS = NO;
				CLANG_ANALYZER_NONNULL = YES;
				CLANG_ANALYZER_NUMBER_OBJECT_CONVERSION = YES_AGGRESSIVE;
				CLANG_CXX_LANGUAGE_STANDARD = "gnu++14";
				CLANG_CXX_LIBRARY = "libc++";
				CLANG_ENABLE_MODULES = YES;
				CLANG_ENABLE_OBJC_ARC = YES;
				CLANG_WARN_BLOCK_CAPTURE_AUTORELEASING = YES;
				CLANG_WARN_BOOL_CONVERSION = YES;
				CLANG_WARN_COMMA = YES;
				CLANG_WARN_CONSTANT_CONVERSION = YES;
				CLANG_WARN_DEPRECATED_OBJC_IMPLEMENTATIONS = YES;
				CLANG_WARN_DIRECT_OBJC_ISA_USAGE = YES_ERROR;
				CLANG_WARN_DOCUMENTATION_COMMENTS = YES;
				CLANG_WARN_EMPTY_BODY = YES;
				CLANG_WARN_ENUM_CONVERSION = YES;
				CLANG_WARN_INFINITE_RECURSION = YES;
				CLANG_WARN_INT_CONVERSION = YES;
				CLANG_WARN_NON_LITERAL_NULL_CONVERSION = YES;
				CLANG_WARN_OBJC_IMPLICIT_RETAIN_SELF = YES;
				CLANG_WARN_OBJC_LITERAL_CONVERSION = YES;
				CLANG_WARN_OBJC_ROOT_CLASS = YES_ERROR;
				CLANG_WARN_RANGE_LOOP_ANALYSIS = YES;
				CLANG_WARN_STRICT_PROTOTYPES = YES;
				CLANG_WARN_SUSPICIOUS_MOVE = YES;
				CLANG_WARN_UNGUARDED_AVAILABILITY = YES_AGGRESSIVE;
				CLANG_WARN_UNREACHABLE_CODE = YES;
				CLANG_WARN__DUPLICATE_METHOD_MATCH = YES;
				CODE_SIGN_IDENTITY = "iPhone Distribution: Zachary Bell (MT547RDGWL)";
				"CODE_SIGN_IDENTITY[sdk=*]" = "iPhone Distribution: Zachary Bell (MT547RDGWL)";
				CODE_SIGN_STYLE = Manual;
				COPY_PHASE_STRIP = NO;
				DEBUG_INFORMATION_FORMAT = dwarf;
				DEVELOPMENT_TEAM = MT547RDGWL;
				ENABLE_STRICT_OBJC_MSGSEND = YES;
				ENABLE_TESTABILITY = YES;
				GCC_C_LANGUAGE_STANDARD = gnu11;
				GCC_DYNAMIC_NO_PIC = NO;
				GCC_NO_COMMON_BLOCKS = YES;
				GCC_OPTIMIZATION_LEVEL = 0;
				GCC_PREPROCESSOR_DEFINITIONS = (
					"DEBUG=1",
					"$(inherited)",
				);
				GCC_WARN_64_TO_32_BIT_CONVERSION = YES;
				GCC_WARN_ABOUT_RETURN_TYPE = YES_ERROR;
				GCC_WARN_UNDECLARED_SELECTOR = YES;
				GCC_WARN_UNINITIALIZED_AUTOS = YES_AGGRESSIVE;
				GCC_WARN_UNUSED_FUNCTION = YES;
				GCC_WARN_UNUSED_VARIABLE = YES;
				IPHONEOS_DEPLOYMENT_TARGET = 11.2;
				MTL_ENABLE_DEBUG_INFO = YES;
				ONLY_ACTIVE_ARCH = YES;
				SDKROOT = iphoneos;
				SWIFT_ACTIVE_COMPILATION_CONDITIONS = DEBUG;
				SWIFT_OPTIMIZATION_LEVEL = "-Onone";
			};
			name = Debug;
		};
		11BEB08F204B2DDB00E5A9B0 /* Release */ = {
			isa = XCBuildConfiguration;
			buildSettings = {
				ALWAYS_SEARCH_USER_PATHS = NO;
				CLANG_ANALYZER_NONNULL = YES;
				CLANG_ANALYZER_NUMBER_OBJECT_CONVERSION = YES_AGGRESSIVE;
				CLANG_CXX_LANGUAGE_STANDARD = "gnu++14";
				CLANG_CXX_LIBRARY = "libc++";
				CLANG_ENABLE_MODULES = YES;
				CLANG_ENABLE_OBJC_ARC = YES;
				CLANG_WARN_BLOCK_CAPTURE_AUTORELEASING = YES;
				CLANG_WARN_BOOL_CONVERSION = YES;
				CLANG_WARN_COMMA = YES;
				CLANG_WARN_CONSTANT_CONVERSION = YES;
				CLANG_WARN_DEPRECATED_OBJC_IMPLEMENTATIONS = YES;
				CLANG_WARN_DIRECT_OBJC_ISA_USAGE = YES_ERROR;
				CLANG_WARN_DOCUMENTATION_COMMENTS = YES;
				CLANG_WARN_EMPTY_BODY = YES;
				CLANG_WARN_ENUM_CONVERSION = YES;
				CLANG_WARN_INFINITE_RECURSION = YES;
				CLANG_WARN_INT_CONVERSION = YES;
				CLANG_WARN_NON_LITERAL_NULL_CONVERSION = YES;
				CLANG_WARN_OBJC_IMPLICIT_RETAIN_SELF = YES;
				CLANG_WARN_OBJC_LITERAL_CONVERSION = YES;
				CLANG_WARN_OBJC_ROOT_CLASS = YES_ERROR;
				CLANG_WARN_RANGE_LOOP_ANALYSIS = YES;
				CLANG_WARN_STRICT_PROTOTYPES = YES;
				CLANG_WARN_SUSPICIOUS_MOVE = YES;
				CLANG_WARN_UNGUARDED_AVAILABILITY = YES_AGGRESSIVE;
				CLANG_WARN_UNREACHABLE_CODE = YES;
				CLANG_WARN__DUPLICATE_METHOD_MATCH = YES;
				CODE_SIGN_IDENTITY = "iPhone Distribution: Zachary Bell (MT547RDGWL)";
				"CODE_SIGN_IDENTITY[sdk=*]" = "iPhone Distribution: Zachary Bell (MT547RDGWL)";
				CODE_SIGN_STYLE = Manual;
				COPY_PHASE_STRIP = NO;
				DEBUG_INFORMATION_FORMAT = "dwarf-with-dsym";
				DEVELOPMENT_TEAM = MT547RDGWL;
				ENABLE_NS_ASSERTIONS = NO;
				ENABLE_STRICT_OBJC_MSGSEND = YES;
				GCC_C_LANGUAGE_STANDARD = gnu11;
				GCC_NO_COMMON_BLOCKS = YES;
				GCC_WARN_64_TO_32_BIT_CONVERSION = YES;
				GCC_WARN_ABOUT_RETURN_TYPE = YES_ERROR;
				GCC_WARN_UNDECLARED_SELECTOR = YES;
				GCC_WARN_UNINITIALIZED_AUTOS = YES_AGGRESSIVE;
				GCC_WARN_UNUSED_FUNCTION = YES;
				GCC_WARN_UNUSED_VARIABLE = YES;
				IPHONEOS_DEPLOYMENT_TARGET = 11.2;
				MTL_ENABLE_DEBUG_INFO = NO;
				SDKROOT = iphoneos;
				SWIFT_OPTIMIZATION_LEVEL = "-Owholemodule";
				VALIDATE_PRODUCT = YES;
			};
			name = Release;
		};
		11BEB091204B2DDB00E5A9B0 /* Debug */ = {
			isa = XCBuildConfiguration;
			buildSettings = {
				ASSETCATALOG_COMPILER_APPICON_NAME = AppIcon;
				CODE_SIGN_IDENTITY = "iPhone Developer";
				"CODE_SIGN_IDENTITY[sdk=iphoneos*]" = "iPhone Developer";
				CODE_SIGN_STYLE = Automatic;
				DEVELOPMENT_TEAM = MT547RDGWL;
				INFOPLIST_FILE = LazerTask/Info.plist;
				LD_RUNPATH_SEARCH_PATHS = "$(inherited) @executable_path/Frameworks";
				PRODUCT_BUNDLE_IDENTIFIER = com.appsrus.LazerTask;
				PRODUCT_NAME = "$(TARGET_NAME)";
				PROVISIONING_PROFILE = "";
				PROVISIONING_PROFILE_SPECIFIER = "";
				SWIFT_VERSION = 4.0;
				TARGETED_DEVICE_FAMILY = "1,2";
			};
			name = Debug;
		};
		11BEB092204B2DDB00E5A9B0 /* Release */ = {
			isa = XCBuildConfiguration;
			buildSettings = {
				ASSETCATALOG_COMPILER_APPICON_NAME = AppIcon;
				CODE_SIGN_IDENTITY = "iPhone Developer";
				"CODE_SIGN_IDENTITY[sdk=iphoneos*]" = "iPhone Developer";
				CODE_SIGN_STYLE = Automatic;
				DEVELOPMENT_TEAM = MT547RDGWL;
				INFOPLIST_FILE = LazerTask/Info.plist;
				LD_RUNPATH_SEARCH_PATHS = "$(inherited) @executable_path/Frameworks";
				PRODUCT_BUNDLE_IDENTIFIER = com.appsrus.LazerTask;
				PRODUCT_NAME = "$(TARGET_NAME)";
				PROVISIONING_PROFILE = "";
				PROVISIONING_PROFILE_SPECIFIER = "";
				SWIFT_VERSION = 4.0;
				TARGETED_DEVICE_FAMILY = "1,2";
			};
			name = Release;
		};
/* End XCBuildConfiguration section */

/* Begin XCConfigurationList section */
		058B90B320962B5A0088F87A /* Build configuration list for PBXNativeTarget "LazerTask-WatchOS Extension" */ = {
			isa = XCConfigurationList;
			buildConfigurations = (
				058B90B420962B5A0088F87A /* Debug */,
				058B90B520962B5A0088F87A /* Release */,
			);
			defaultConfigurationIsVisible = 0;
			defaultConfigurationName = Release;
		};
		058B90B720962B5A0088F87A /* Build configuration list for PBXNativeTarget "LazerTask-WatchOS" */ = {
			isa = XCConfigurationList;
			buildConfigurations = (
				058B90B820962B5A0088F87A /* Debug */,
				058B90B920962B5A0088F87A /* Release */,
			);
			defaultConfigurationIsVisible = 0;
			defaultConfigurationName = Release;
		};
		11BEB079204B2DDB00E5A9B0 /* Build configuration list for PBXProject "LazerTask" */ = {
			isa = XCConfigurationList;
			buildConfigurations = (
				11BEB08E204B2DDB00E5A9B0 /* Debug */,
				11BEB08F204B2DDB00E5A9B0 /* Release */,
			);
			defaultConfigurationIsVisible = 0;
			defaultConfigurationName = Release;
		};
		11BEB090204B2DDB00E5A9B0 /* Build configuration list for PBXNativeTarget "LazerTask" */ = {
			isa = XCConfigurationList;
			buildConfigurations = (
				11BEB091204B2DDB00E5A9B0 /* Debug */,
				11BEB092204B2DDB00E5A9B0 /* Release */,
			);
			defaultConfigurationIsVisible = 0;
			defaultConfigurationName = Release;
		};
/* End XCConfigurationList section */
	};
	rootObject = 11BEB076204B2DDB00E5A9B0 /* Project object */;
}
